// !$*UTF8*$!
{
	archiveVersion = 1;
	classes = {
	};
	objectVersion = 48;
	objects = {

/* Begin PBXBuildFile section */
		090123C21FD16E8B00973DD5 /* MatchSendIssueViewController.m in Sources */ = {isa = PBXBuildFile; fileRef = 090123C11FD16E8B00973DD5 /* MatchSendIssueViewController.m */; };
		0926246D1FCD8FA1008F2280 /* Utils.m in Sources */ = {isa = PBXBuildFile; fileRef = 0926246C1FCD8FA1008F2280 /* Utils.m */; };
		094C1D571FC83A3F003685DD /* AppDelegate.m in Sources */ = {isa = PBXBuildFile; fileRef = 094C1D561FC83A3F003685DD /* AppDelegate.m */; };
		094C1D5A1FC83A3F003685DD /* HomeViewController.m in Sources */ = {isa = PBXBuildFile; fileRef = 094C1D591FC83A3F003685DD /* HomeViewController.m */; };
		094C1D5D1FC83A3F003685DD /* Main.storyboard in Resources */ = {isa = PBXBuildFile; fileRef = 094C1D5B1FC83A3F003685DD /* Main.storyboard */; };
		094C1D601FC83A3F003685DD /* LocalSports.xcdatamodeld in Sources */ = {isa = PBXBuildFile; fileRef = 094C1D5E1FC83A3F003685DD /* LocalSports.xcdatamodeld */; };
		094C1D681FC83A3F003685DD /* main.m in Sources */ = {isa = PBXBuildFile; fileRef = 094C1D671FC83A3F003685DD /* main.m */; };
		095BA4831FD02486005C7214 /* MatchAddEventViewController.m in Sources */ = {isa = PBXBuildFile; fileRef = 095BA4821FD02486005C7214 /* MatchAddEventViewController.m */; };
		098179061FCED01F0011F4FD /* ClassificationTableViewController.m in Sources */ = {isa = PBXBuildFile; fileRef = 098179051FCED01F0011F4FD /* ClassificationTableViewController.m */; };
		098179091FCED5CD0011F4FD /* CompetitionTabBarController.m in Sources */ = {isa = PBXBuildFile; fileRef = 098179081FCED5CD0011F4FD /* CompetitionTabBarController.m */; };
		4B7BC3FD56AB825545F8E634 /* Pods_Deporte_Local.framework in Frameworks */ = {isa = PBXBuildFile; fileRef = 318F7D973FDFE2B46B443162 /* Pods_Deporte_Local.framework */; };
		D1055DCE1FF4D8C600C4F98D /* SportCollectionViewCell.m in Sources */ = {isa = PBXBuildFile; fileRef = D1055DCD1FF4D8C600C4F98D /* SportCollectionViewCell.m */; };
		D11829451FC8992600805590 /* SportsViewController.m in Sources */ = {isa = PBXBuildFile; fileRef = D11829441FC8992600805590 /* SportsViewController.m */; };
		D11DBAF61FD9C3F300894683 /* CalendarViewController.m in Sources */ = {isa = PBXBuildFile; fileRef = D11DBAF51FD9C3F300894683 /* CalendarViewController.m */; };
		D12A07EE1FE537B80025351A /* SideMenuController.m in Sources */ = {isa = PBXBuildFile; fileRef = D12A07ED1FE537B80025351A /* SideMenuController.m */; };
		D12A07F11FE5404B0025351A /* SideMenuTableController.m in Sources */ = {isa = PBXBuildFile; fileRef = D12A07F01FE5404B0025351A /* SideMenuTableController.m */; };
		D13CAD881FF249D1002CD751 /* getafe@3x.png in Resources */ = {isa = PBXBuildFile; fileRef = D13CAD7F1FF249D0002CD751 /* getafe@3x.png */; };
		D13CAD891FF249D1002CD751 /* alcorcon@3x.png in Resources */ = {isa = PBXBuildFile; fileRef = D13CAD801FF249D0002CD751 /* alcorcon@3x.png */; };
		D13CAD8A1FF249D1002CD751 /* alcorcon@2x.png in Resources */ = {isa = PBXBuildFile; fileRef = D13CAD811FF249D0002CD751 /* alcorcon@2x.png */; };
		D13CAD8B1FF249D1002CD751 /* leganes@2x.png in Resources */ = {isa = PBXBuildFile; fileRef = D13CAD821FF249D0002CD751 /* leganes@2x.png */; };
		D13CAD8C1FF249D1002CD751 /* alcorcon.png in Resources */ = {isa = PBXBuildFile; fileRef = D13CAD831FF249D0002CD751 /* alcorcon.png */; };
		D13CAD8D1FF249D1002CD751 /* leganes.png in Resources */ = {isa = PBXBuildFile; fileRef = D13CAD841FF249D1002CD751 /* leganes.png */; };
		D13CAD8E1FF249D1002CD751 /* leganes@3x.png in Resources */ = {isa = PBXBuildFile; fileRef = D13CAD851FF249D1002CD751 /* leganes@3x.png */; };
		D13CAD8F1FF249D1002CD751 /* getafe@2x.png in Resources */ = {isa = PBXBuildFile; fileRef = D13CAD861FF249D1002CD751 /* getafe@2x.png */; };
		D13CAD901FF249D1002CD751 /* getafe.png in Resources */ = {isa = PBXBuildFile; fileRef = D13CAD871FF249D1002CD751 /* getafe.png */; };
		D13FE3411FD1DC5800067C5B /* Reachability.m in Sources */ = {isa = PBXBuildFile; fileRef = D13FE33F1FD1DC5800067C5B /* Reachability.m */; };
		D140974E1FC9E93500EAE6DA /* Assets.xcassets in Resources */ = {isa = PBXBuildFile; fileRef = 094C1D611FC83A3F003685DD /* Assets.xcassets */; };
		D14397071FD0788100AEF92B /* MatchMapViewController.m in Sources */ = {isa = PBXBuildFile; fileRef = D14397061FD0788100AEF92B /* MatchMapViewController.m */; };
		D1532CAA1FE9851A00896DC1 /* FavoritesTableViewController.m in Sources */ = {isa = PBXBuildFile; fileRef = D1532CA91FE9851A00896DC1 /* FavoritesTableViewController.m */; };
		D191D2CB1FD4608A00A40804 /* Localizable.strings in Resources */ = {isa = PBXBuildFile; fileRef = D191D2C91FD4608A00A40804 /* Localizable.strings */; };
		D1B8FD3F1FEA6C1300A72D3E /* TownsTableViewCell.m in Sources */ = {isa = PBXBuildFile; fileRef = D1B8FD321FEA6C1200A72D3E /* TownsTableViewCell.m */; };
		D1B8FD401FEA6C1300A72D3E /* TeamHeadingTableViewCell.m in Sources */ = {isa = PBXBuildFile; fileRef = D1B8FD371FEA6C1200A72D3E /* TeamHeadingTableViewCell.m */; };
		D1B8FD411FEA6C1300A72D3E /* CalendarHeadingTableViewCell.m in Sources */ = {isa = PBXBuildFile; fileRef = D1B8FD381FEA6C1200A72D3E /* CalendarHeadingTableViewCell.m */; };
		D1B8FD421FEA6C1300A72D3E /* TeamMatchTableViewCell.m in Sources */ = {isa = PBXBuildFile; fileRef = D1B8FD391FEA6C1200A72D3E /* TeamMatchTableViewCell.m */; };
		D1B8FD431FEA6C1300A72D3E /* MatchDetailTableViewCell.m in Sources */ = {isa = PBXBuildFile; fileRef = D1B8FD3B1FEA6C1200A72D3E /* MatchDetailTableViewCell.m */; };
		D1B8FD441FEA6C1300A72D3E /* ClassificationTableViewCell.m in Sources */ = {isa = PBXBuildFile; fileRef = D1B8FD3C1FEA6C1200A72D3E /* ClassificationTableViewCell.m */; };
		D1B8FD451FEA6C1300A72D3E /* CompetitionTableViewCell.m in Sources */ = {isa = PBXBuildFile; fileRef = D1B8FD3D1FEA6C1200A72D3E /* CompetitionTableViewCell.m */; };
		D1B8FD5A1FEA6C2900A72D3E /* CompetitionEntity+CoreDataClass.m in Sources */ = {isa = PBXBuildFile; fileRef = D1B8FD481FEA6C2900A72D3E /* CompetitionEntity+CoreDataClass.m */; };
		D1B8FD5B1FEA6C2900A72D3E /* CompetitionEntity+CoreDataProperties.m in Sources */ = {isa = PBXBuildFile; fileRef = D1B8FD491FEA6C2900A72D3E /* CompetitionEntity+CoreDataProperties.m */; };
		D1B8FD5C1FEA6C2900A72D3E /* ClassificationEntity+CoreDataClass.m in Sources */ = {isa = PBXBuildFile; fileRef = D1B8FD4C1FEA6C2900A72D3E /* ClassificationEntity+CoreDataClass.m */; };
		D1B8FD5D1FEA6C2900A72D3E /* ClassificationEntity+CoreDataProperties.m in Sources */ = {isa = PBXBuildFile; fileRef = D1B8FD4D1FEA6C2900A72D3E /* ClassificationEntity+CoreDataProperties.m */; };
		D1B8FD5E1FEA6C2900A72D3E /* SportCourtEntity+CoreDataClass.m in Sources */ = {isa = PBXBuildFile; fileRef = D1B8FD501FEA6C2900A72D3E /* SportCourtEntity+CoreDataClass.m */; };
		D1B8FD5F1FEA6C2900A72D3E /* SportCourtEntity+CoreDataProperties.m in Sources */ = {isa = PBXBuildFile; fileRef = D1B8FD511FEA6C2900A72D3E /* SportCourtEntity+CoreDataProperties.m */; };
		D1B8FD601FEA6C2900A72D3E /* FavoriteTeamEntity+CoreDataClass.m in Sources */ = {isa = PBXBuildFile; fileRef = D1B8FD541FEA6C2900A72D3E /* FavoriteTeamEntity+CoreDataClass.m */; };
		D1B8FD611FEA6C2900A72D3E /* FavoriteTeamEntity+CoreDataProperties.m in Sources */ = {isa = PBXBuildFile; fileRef = D1B8FD551FEA6C2900A72D3E /* FavoriteTeamEntity+CoreDataProperties.m */; };
		D1B8FD621FEA6C2900A72D3E /* MatchEntity+CoreDataClass.m in Sources */ = {isa = PBXBuildFile; fileRef = D1B8FD581FEA6C2900A72D3E /* MatchEntity+CoreDataClass.m */; };
		D1B8FD631FEA6C2900A72D3E /* MatchEntity+CoreDataProperties.m in Sources */ = {isa = PBXBuildFile; fileRef = D1B8FD591FEA6C2900A72D3E /* MatchEntity+CoreDataProperties.m */; };
		D1B8FD661FEA714C00A72D3E /* FavoriteTeamTableViewCell.m in Sources */ = {isa = PBXBuildFile; fileRef = D1B8FD651FEA714C00A72D3E /* FavoriteTeamTableViewCell.m */; };
		D1B8FD6A1FEA806800A72D3E /* TeamMatchesTableViewController.m in Sources */ = {isa = PBXBuildFile; fileRef = D1B8FD691FEA806800A72D3E /* TeamMatchesTableViewController.m */; };
		D1B8FD6D1FEADA4D00A72D3E /* FavoriteTeamMatchTableViewCell.m in Sources */ = {isa = PBXBuildFile; fileRef = D1B8FD6C1FEADA4D00A72D3E /* FavoriteTeamMatchTableViewCell.m */; };
		D1B9CE531FDA964E00C1937D /* TeamsViewController.m in Sources */ = {isa = PBXBuildFile; fileRef = D1B9CE521FDA964E00C1937D /* TeamsViewController.m */; };
		D1C2CB831FCDDEC600922D86 /* CompetitionsTableViewController.m in Sources */ = {isa = PBXBuildFile; fileRef = D1C2CB821FCDDEC600922D86 /* CompetitionsTableViewController.m */; };
		D1C4D2141FD08B35009F3A35 /* leganes.gpx in Resources */ = {isa = PBXBuildFile; fileRef = D1C4D2131FD08B35009F3A35 /* leganes.gpx */; };
		D1D3A62D1FD299AF003CA8E7 /* UtilsDataBase.m in Sources */ = {isa = PBXBuildFile; fileRef = D1D3A62C1FD299AF003CA8E7 /* UtilsDataBase.m */; };
/* End PBXBuildFile section */

/* Begin PBXFileReference section */
		090123C01FD16E8B00973DD5 /* MatchSendIssueViewController.h */ = {isa = PBXFileReference; lastKnownFileType = sourcecode.c.h; path = MatchSendIssueViewController.h; sourceTree = "<group>"; };
		090123C11FD16E8B00973DD5 /* MatchSendIssueViewController.m */ = {isa = PBXFileReference; lastKnownFileType = sourcecode.c.objc; path = MatchSendIssueViewController.m; sourceTree = "<group>"; };
		0926246B1FCD8FA1008F2280 /* Utils.h */ = {isa = PBXFileReference; lastKnownFileType = sourcecode.c.h; path = Utils.h; sourceTree = "<group>"; };
		0926246C1FCD8FA1008F2280 /* Utils.m */ = {isa = PBXFileReference; lastKnownFileType = sourcecode.c.objc; path = Utils.m; sourceTree = "<group>"; };
		094C1D521FC83A3F003685DD /* Deporte Local.app */ = {isa = PBXFileReference; explicitFileType = wrapper.application; includeInIndex = 0; path = "Deporte Local.app"; sourceTree = BUILT_PRODUCTS_DIR; };
		094C1D551FC83A3F003685DD /* AppDelegate.h */ = {isa = PBXFileReference; lastKnownFileType = sourcecode.c.h; path = AppDelegate.h; sourceTree = "<group>"; };
		094C1D561FC83A3F003685DD /* AppDelegate.m */ = {isa = PBXFileReference; lastKnownFileType = sourcecode.c.objc; path = AppDelegate.m; sourceTree = "<group>"; };
		094C1D581FC83A3F003685DD /* HomeViewController.h */ = {isa = PBXFileReference; lastKnownFileType = sourcecode.c.h; path = HomeViewController.h; sourceTree = "<group>"; };
		094C1D591FC83A3F003685DD /* HomeViewController.m */ = {isa = PBXFileReference; lastKnownFileType = sourcecode.c.objc; path = HomeViewController.m; sourceTree = "<group>"; };
		094C1D5C1FC83A3F003685DD /* Base */ = {isa = PBXFileReference; lastKnownFileType = file.storyboard; name = Base; path = Base.lproj/Main.storyboard; sourceTree = "<group>"; };
		094C1D5F1FC83A3F003685DD /* LocalSports.xcdatamodel */ = {isa = PBXFileReference; lastKnownFileType = wrapper.xcdatamodel; path = LocalSports.xcdatamodel; sourceTree = "<group>"; };
		094C1D611FC83A3F003685DD /* Assets.xcassets */ = {isa = PBXFileReference; lastKnownFileType = folder.assetcatalog; path = Assets.xcassets; sourceTree = "<group>"; };
		094C1D661FC83A3F003685DD /* Info.plist */ = {isa = PBXFileReference; lastKnownFileType = text.plist.xml; path = Info.plist; sourceTree = "<group>"; };
		094C1D671FC83A3F003685DD /* main.m */ = {isa = PBXFileReference; lastKnownFileType = sourcecode.c.objc; path = main.m; sourceTree = "<group>"; };
		095BA4811FD02486005C7214 /* MatchAddEventViewController.h */ = {isa = PBXFileReference; lastKnownFileType = sourcecode.c.h; path = MatchAddEventViewController.h; sourceTree = "<group>"; };
		095BA4821FD02486005C7214 /* MatchAddEventViewController.m */ = {isa = PBXFileReference; lastKnownFileType = sourcecode.c.objc; path = MatchAddEventViewController.m; sourceTree = "<group>"; };
		098179041FCED01F0011F4FD /* ClassificationTableViewController.h */ = {isa = PBXFileReference; lastKnownFileType = sourcecode.c.h; path = ClassificationTableViewController.h; sourceTree = "<group>"; };
		098179051FCED01F0011F4FD /* ClassificationTableViewController.m */ = {isa = PBXFileReference; lastKnownFileType = sourcecode.c.objc; path = ClassificationTableViewController.m; sourceTree = "<group>"; };
		098179071FCED5CD0011F4FD /* CompetitionTabBarController.h */ = {isa = PBXFileReference; lastKnownFileType = sourcecode.c.h; path = CompetitionTabBarController.h; sourceTree = "<group>"; };
		098179081FCED5CD0011F4FD /* CompetitionTabBarController.m */ = {isa = PBXFileReference; lastKnownFileType = sourcecode.c.objc; path = CompetitionTabBarController.m; sourceTree = "<group>"; };
		12AB23641AC38E535EE5D554 /* Pods-Deporte Local.debug.xcconfig */ = {isa = PBXFileReference; includeInIndex = 1; lastKnownFileType = text.xcconfig; name = "Pods-Deporte Local.debug.xcconfig"; path = "Pods/Target Support Files/Pods-Deporte Local/Pods-Deporte Local.debug.xcconfig"; sourceTree = "<group>"; };
		318F7D973FDFE2B46B443162 /* Pods_Deporte_Local.framework */ = {isa = PBXFileReference; explicitFileType = wrapper.framework; includeInIndex = 0; path = Pods_Deporte_Local.framework; sourceTree = BUILT_PRODUCTS_DIR; };
		D1055DCC1FF4D8C600C4F98D /* SportCollectionViewCell.h */ = {isa = PBXFileReference; lastKnownFileType = sourcecode.c.h; path = SportCollectionViewCell.h; sourceTree = "<group>"; };
		D1055DCD1FF4D8C600C4F98D /* SportCollectionViewCell.m */ = {isa = PBXFileReference; lastKnownFileType = sourcecode.c.objc; path = SportCollectionViewCell.m; sourceTree = "<group>"; };
		D1055DCF1FF54E1A00C4F98D /* en */ = {isa = PBXFileReference; lastKnownFileType = text.plist.strings; name = en; path = en.lproj/Main.strings; sourceTree = "<group>"; };
		D11829431FC8992600805590 /* SportsViewController.h */ = {isa = PBXFileReference; lastKnownFileType = sourcecode.c.h; path = SportsViewController.h; sourceTree = "<group>"; };
		D11829441FC8992600805590 /* SportsViewController.m */ = {isa = PBXFileReference; lastKnownFileType = sourcecode.c.objc; path = SportsViewController.m; sourceTree = "<group>"; };
		D11DBAF41FD9C3F300894683 /* CalendarViewController.h */ = {isa = PBXFileReference; lastKnownFileType = sourcecode.c.h; path = CalendarViewController.h; sourceTree = "<group>"; };
		D11DBAF51FD9C3F300894683 /* CalendarViewController.m */ = {isa = PBXFileReference; lastKnownFileType = sourcecode.c.objc; path = CalendarViewController.m; sourceTree = "<group>"; };
		D12A07EC1FE537B80025351A /* SideMenuController.h */ = {isa = PBXFileReference; lastKnownFileType = sourcecode.c.h; path = SideMenuController.h; sourceTree = "<group>"; };
		D12A07ED1FE537B80025351A /* SideMenuController.m */ = {isa = PBXFileReference; lastKnownFileType = sourcecode.c.objc; path = SideMenuController.m; sourceTree = "<group>"; };
		D12A07EF1FE5404B0025351A /* SideMenuTableController.h */ = {isa = PBXFileReference; lastKnownFileType = sourcecode.c.h; path = SideMenuTableController.h; sourceTree = "<group>"; };
		D12A07F01FE5404B0025351A /* SideMenuTableController.m */ = {isa = PBXFileReference; lastKnownFileType = sourcecode.c.objc; path = SideMenuTableController.m; sourceTree = "<group>"; };
		D131B0E21FE7CB4200C6B8B0 /* en */ = {isa = PBXFileReference; lastKnownFileType = text.plist.strings; name = en; path = LocalSports/en.lproj/Localizable.strings; sourceTree = "<group>"; };
		D13CAD7F1FF249D0002CD751 /* getafe@3x.png */ = {isa = PBXFileReference; lastKnownFileType = image.png; path = "getafe@3x.png"; sourceTree = "<group>"; };
		D13CAD801FF249D0002CD751 /* alcorcon@3x.png */ = {isa = PBXFileReference; lastKnownFileType = image.png; path = "alcorcon@3x.png"; sourceTree = "<group>"; };
		D13CAD811FF249D0002CD751 /* alcorcon@2x.png */ = {isa = PBXFileReference; lastKnownFileType = image.png; path = "alcorcon@2x.png"; sourceTree = "<group>"; };
		D13CAD821FF249D0002CD751 /* leganes@2x.png */ = {isa = PBXFileReference; lastKnownFileType = image.png; path = "leganes@2x.png"; sourceTree = "<group>"; };
		D13CAD831FF249D0002CD751 /* alcorcon.png */ = {isa = PBXFileReference; lastKnownFileType = image.png; path = alcorcon.png; sourceTree = "<group>"; };
		D13CAD841FF249D1002CD751 /* leganes.png */ = {isa = PBXFileReference; lastKnownFileType = image.png; path = leganes.png; sourceTree = "<group>"; };
		D13CAD851FF249D1002CD751 /* leganes@3x.png */ = {isa = PBXFileReference; lastKnownFileType = image.png; path = "leganes@3x.png"; sourceTree = "<group>"; };
		D13CAD861FF249D1002CD751 /* getafe@2x.png */ = {isa = PBXFileReference; lastKnownFileType = image.png; path = "getafe@2x.png"; sourceTree = "<group>"; };
		D13CAD871FF249D1002CD751 /* getafe.png */ = {isa = PBXFileReference; lastKnownFileType = image.png; path = getafe.png; sourceTree = "<group>"; };
		D13FE33F1FD1DC5800067C5B /* Reachability.m */ = {isa = PBXFileReference; fileEncoding = 4; lastKnownFileType = sourcecode.c.objc; path = Reachability.m; sourceTree = "<group>"; };
		D13FE3401FD1DC5800067C5B /* Reachability.h */ = {isa = PBXFileReference; fileEncoding = 4; lastKnownFileType = sourcecode.c.h; path = Reachability.h; sourceTree = "<group>"; };
		D14397051FD0788100AEF92B /* MatchMapViewController.h */ = {isa = PBXFileReference; lastKnownFileType = sourcecode.c.h; path = MatchMapViewController.h; sourceTree = "<group>"; };
		D14397061FD0788100AEF92B /* MatchMapViewController.m */ = {isa = PBXFileReference; lastKnownFileType = sourcecode.c.objc; path = MatchMapViewController.m; sourceTree = "<group>"; };
		D1532CA81FE9851A00896DC1 /* FavoritesTableViewController.h */ = {isa = PBXFileReference; lastKnownFileType = sourcecode.c.h; path = FavoritesTableViewController.h; sourceTree = "<group>"; };
		D1532CA91FE9851A00896DC1 /* FavoritesTableViewController.m */ = {isa = PBXFileReference; lastKnownFileType = sourcecode.c.objc; path = FavoritesTableViewController.m; sourceTree = "<group>"; };
		D191D2CA1FD4608A00A40804 /* Base */ = {isa = PBXFileReference; lastKnownFileType = text.plist.strings; name = Base; path = LocalSports/Base.lproj/Localizable.strings; sourceTree = "<group>"; };
		D1AD5F151FF58CFE00DE98FB /* Deporte Local.entitlements */ = {isa = PBXFileReference; lastKnownFileType = text.plist.entitlements; path = "Deporte Local.entitlements"; sourceTree = "<group>"; };
		D1B8FD311FEA6C1100A72D3E /* MatchDetailTableViewCell.h */ = {isa = PBXFileReference; fileEncoding = 4; lastKnownFileType = sourcecode.c.h; path = MatchDetailTableViewCell.h; sourceTree = "<group>"; };
		D1B8FD321FEA6C1200A72D3E /* TownsTableViewCell.m */ = {isa = PBXFileReference; fileEncoding = 4; lastKnownFileType = sourcecode.c.objc; path = TownsTableViewCell.m; sourceTree = "<group>"; };
		D1B8FD331FEA6C1200A72D3E /* ClassificationTableViewCell.h */ = {isa = PBXFileReference; fileEncoding = 4; lastKnownFileType = sourcecode.c.h; path = ClassificationTableViewCell.h; sourceTree = "<group>"; };
		D1B8FD341FEA6C1200A72D3E /* CompetitionTableViewCell.h */ = {isa = PBXFileReference; fileEncoding = 4; lastKnownFileType = sourcecode.c.h; path = CompetitionTableViewCell.h; sourceTree = "<group>"; };
		D1B8FD351FEA6C1200A72D3E /* TeamHeadingTableViewCell.h */ = {isa = PBXFileReference; fileEncoding = 4; lastKnownFileType = sourcecode.c.h; path = TeamHeadingTableViewCell.h; sourceTree = "<group>"; };
		D1B8FD361FEA6C1200A72D3E /* CalendarHeadingTableViewCell.h */ = {isa = PBXFileReference; fileEncoding = 4; lastKnownFileType = sourcecode.c.h; path = CalendarHeadingTableViewCell.h; sourceTree = "<group>"; };
		D1B8FD371FEA6C1200A72D3E /* TeamHeadingTableViewCell.m */ = {isa = PBXFileReference; fileEncoding = 4; lastKnownFileType = sourcecode.c.objc; path = TeamHeadingTableViewCell.m; sourceTree = "<group>"; };
		D1B8FD381FEA6C1200A72D3E /* CalendarHeadingTableViewCell.m */ = {isa = PBXFileReference; fileEncoding = 4; lastKnownFileType = sourcecode.c.objc; path = CalendarHeadingTableViewCell.m; sourceTree = "<group>"; };
		D1B8FD391FEA6C1200A72D3E /* TeamMatchTableViewCell.m */ = {isa = PBXFileReference; fileEncoding = 4; lastKnownFileType = sourcecode.c.objc; path = TeamMatchTableViewCell.m; sourceTree = "<group>"; };
		D1B8FD3A1FEA6C1200A72D3E /* TeamMatchTableViewCell.h */ = {isa = PBXFileReference; fileEncoding = 4; lastKnownFileType = sourcecode.c.h; path = TeamMatchTableViewCell.h; sourceTree = "<group>"; };
		D1B8FD3B1FEA6C1200A72D3E /* MatchDetailTableViewCell.m */ = {isa = PBXFileReference; fileEncoding = 4; lastKnownFileType = sourcecode.c.objc; path = MatchDetailTableViewCell.m; sourceTree = "<group>"; };
		D1B8FD3C1FEA6C1200A72D3E /* ClassificationTableViewCell.m */ = {isa = PBXFileReference; fileEncoding = 4; lastKnownFileType = sourcecode.c.objc; path = ClassificationTableViewCell.m; sourceTree = "<group>"; };
		D1B8FD3D1FEA6C1200A72D3E /* CompetitionTableViewCell.m */ = {isa = PBXFileReference; fileEncoding = 4; lastKnownFileType = sourcecode.c.objc; path = CompetitionTableViewCell.m; sourceTree = "<group>"; };
		D1B8FD3E1FEA6C1200A72D3E /* TownsTableViewCell.h */ = {isa = PBXFileReference; fileEncoding = 4; lastKnownFileType = sourcecode.c.h; path = TownsTableViewCell.h; sourceTree = "<group>"; };
		D1B8FD461FEA6C2900A72D3E /* CompetitionEntity+CoreDataProperties.h */ = {isa = PBXFileReference; lastKnownFileType = sourcecode.c.h; path = "CompetitionEntity+CoreDataProperties.h"; sourceTree = "<group>"; };
		D1B8FD471FEA6C2900A72D3E /* CompetitionEntity+CoreDataClass.h */ = {isa = PBXFileReference; lastKnownFileType = sourcecode.c.h; path = "CompetitionEntity+CoreDataClass.h"; sourceTree = "<group>"; };
		D1B8FD481FEA6C2900A72D3E /* CompetitionEntity+CoreDataClass.m */ = {isa = PBXFileReference; lastKnownFileType = sourcecode.c.objc; path = "CompetitionEntity+CoreDataClass.m"; sourceTree = "<group>"; };
		D1B8FD491FEA6C2900A72D3E /* CompetitionEntity+CoreDataProperties.m */ = {isa = PBXFileReference; lastKnownFileType = sourcecode.c.objc; path = "CompetitionEntity+CoreDataProperties.m"; sourceTree = "<group>"; };
		D1B8FD4A1FEA6C2900A72D3E /* ClassificationEntity+CoreDataProperties.h */ = {isa = PBXFileReference; lastKnownFileType = sourcecode.c.h; path = "ClassificationEntity+CoreDataProperties.h"; sourceTree = "<group>"; };
		D1B8FD4B1FEA6C2900A72D3E /* ClassificationEntity+CoreDataClass.h */ = {isa = PBXFileReference; lastKnownFileType = sourcecode.c.h; path = "ClassificationEntity+CoreDataClass.h"; sourceTree = "<group>"; };
		D1B8FD4C1FEA6C2900A72D3E /* ClassificationEntity+CoreDataClass.m */ = {isa = PBXFileReference; lastKnownFileType = sourcecode.c.objc; path = "ClassificationEntity+CoreDataClass.m"; sourceTree = "<group>"; };
		D1B8FD4D1FEA6C2900A72D3E /* ClassificationEntity+CoreDataProperties.m */ = {isa = PBXFileReference; lastKnownFileType = sourcecode.c.objc; path = "ClassificationEntity+CoreDataProperties.m"; sourceTree = "<group>"; };
		D1B8FD4E1FEA6C2900A72D3E /* SportCourtEntity+CoreDataProperties.h */ = {isa = PBXFileReference; lastKnownFileType = sourcecode.c.h; path = "SportCourtEntity+CoreDataProperties.h"; sourceTree = "<group>"; };
		D1B8FD4F1FEA6C2900A72D3E /* SportCourtEntity+CoreDataClass.h */ = {isa = PBXFileReference; lastKnownFileType = sourcecode.c.h; path = "SportCourtEntity+CoreDataClass.h"; sourceTree = "<group>"; };
		D1B8FD501FEA6C2900A72D3E /* SportCourtEntity+CoreDataClass.m */ = {isa = PBXFileReference; lastKnownFileType = sourcecode.c.objc; path = "SportCourtEntity+CoreDataClass.m"; sourceTree = "<group>"; };
		D1B8FD511FEA6C2900A72D3E /* SportCourtEntity+CoreDataProperties.m */ = {isa = PBXFileReference; lastKnownFileType = sourcecode.c.objc; path = "SportCourtEntity+CoreDataProperties.m"; sourceTree = "<group>"; };
		D1B8FD521FEA6C2900A72D3E /* FavoriteTeamEntity+CoreDataProperties.h */ = {isa = PBXFileReference; lastKnownFileType = sourcecode.c.h; path = "FavoriteTeamEntity+CoreDataProperties.h"; sourceTree = "<group>"; };
		D1B8FD531FEA6C2900A72D3E /* FavoriteTeamEntity+CoreDataClass.h */ = {isa = PBXFileReference; lastKnownFileType = sourcecode.c.h; path = "FavoriteTeamEntity+CoreDataClass.h"; sourceTree = "<group>"; };
		D1B8FD541FEA6C2900A72D3E /* FavoriteTeamEntity+CoreDataClass.m */ = {isa = PBXFileReference; lastKnownFileType = sourcecode.c.objc; path = "FavoriteTeamEntity+CoreDataClass.m"; sourceTree = "<group>"; };
		D1B8FD551FEA6C2900A72D3E /* FavoriteTeamEntity+CoreDataProperties.m */ = {isa = PBXFileReference; lastKnownFileType = sourcecode.c.objc; path = "FavoriteTeamEntity+CoreDataProperties.m"; sourceTree = "<group>"; };
		D1B8FD561FEA6C2900A72D3E /* MatchEntity+CoreDataProperties.h */ = {isa = PBXFileReference; lastKnownFileType = sourcecode.c.h; path = "MatchEntity+CoreDataProperties.h"; sourceTree = "<group>"; };
		D1B8FD571FEA6C2900A72D3E /* MatchEntity+CoreDataClass.h */ = {isa = PBXFileReference; lastKnownFileType = sourcecode.c.h; path = "MatchEntity+CoreDataClass.h"; sourceTree = "<group>"; };
		D1B8FD581FEA6C2900A72D3E /* MatchEntity+CoreDataClass.m */ = {isa = PBXFileReference; lastKnownFileType = sourcecode.c.objc; path = "MatchEntity+CoreDataClass.m"; sourceTree = "<group>"; };
		D1B8FD591FEA6C2900A72D3E /* MatchEntity+CoreDataProperties.m */ = {isa = PBXFileReference; lastKnownFileType = sourcecode.c.objc; path = "MatchEntity+CoreDataProperties.m"; sourceTree = "<group>"; };
		D1B8FD641FEA714C00A72D3E /* FavoriteTeamTableViewCell.h */ = {isa = PBXFileReference; lastKnownFileType = sourcecode.c.h; path = FavoriteTeamTableViewCell.h; sourceTree = "<group>"; };
		D1B8FD651FEA714C00A72D3E /* FavoriteTeamTableViewCell.m */ = {isa = PBXFileReference; lastKnownFileType = sourcecode.c.objc; path = FavoriteTeamTableViewCell.m; sourceTree = "<group>"; };
		D1B8FD681FEA806800A72D3E /* TeamMatchesTableViewController.h */ = {isa = PBXFileReference; lastKnownFileType = sourcecode.c.h; path = TeamMatchesTableViewController.h; sourceTree = "<group>"; };
		D1B8FD691FEA806800A72D3E /* TeamMatchesTableViewController.m */ = {isa = PBXFileReference; lastKnownFileType = sourcecode.c.objc; path = TeamMatchesTableViewController.m; sourceTree = "<group>"; };
		D1B8FD6B1FEADA4D00A72D3E /* FavoriteTeamMatchTableViewCell.h */ = {isa = PBXFileReference; lastKnownFileType = sourcecode.c.h; path = FavoriteTeamMatchTableViewCell.h; sourceTree = "<group>"; };
		D1B8FD6C1FEADA4D00A72D3E /* FavoriteTeamMatchTableViewCell.m */ = {isa = PBXFileReference; lastKnownFileType = sourcecode.c.objc; path = FavoriteTeamMatchTableViewCell.m; sourceTree = "<group>"; };
		D1B9CE511FDA964E00C1937D /* TeamsViewController.h */ = {isa = PBXFileReference; lastKnownFileType = sourcecode.c.h; path = TeamsViewController.h; sourceTree = "<group>"; };
		D1B9CE521FDA964E00C1937D /* TeamsViewController.m */ = {isa = PBXFileReference; lastKnownFileType = sourcecode.c.objc; path = TeamsViewController.m; sourceTree = "<group>"; };
		D1C2CB811FCDDEC600922D86 /* CompetitionsTableViewController.h */ = {isa = PBXFileReference; lastKnownFileType = sourcecode.c.h; path = CompetitionsTableViewController.h; sourceTree = "<group>"; };
		D1C2CB821FCDDEC600922D86 /* CompetitionsTableViewController.m */ = {isa = PBXFileReference; lastKnownFileType = sourcecode.c.objc; path = CompetitionsTableViewController.m; sourceTree = "<group>"; };
		D1C4D2131FD08B35009F3A35 /* leganes.gpx */ = {isa = PBXFileReference; fileEncoding = 4; lastKnownFileType = text.xml; path = leganes.gpx; sourceTree = "<group>"; };
		D1D3A62B1FD299AF003CA8E7 /* UtilsDataBase.h */ = {isa = PBXFileReference; lastKnownFileType = sourcecode.c.h; path = UtilsDataBase.h; sourceTree = "<group>"; };
		D1D3A62C1FD299AF003CA8E7 /* UtilsDataBase.m */ = {isa = PBXFileReference; lastKnownFileType = sourcecode.c.objc; path = UtilsDataBase.m; sourceTree = "<group>"; };
		EE6A11938A7F1B191C72CC4F /* Pods-Deporte Local.release.xcconfig */ = {isa = PBXFileReference; includeInIndex = 1; lastKnownFileType = text.xcconfig; name = "Pods-Deporte Local.release.xcconfig"; path = "Pods/Target Support Files/Pods-Deporte Local/Pods-Deporte Local.release.xcconfig"; sourceTree = "<group>"; };
/* End PBXFileReference section */

/* Begin PBXFrameworksBuildPhase section */
		094C1D4F1FC83A3F003685DD /* Frameworks */ = {
			isa = PBXFrameworksBuildPhase;
			buildActionMask = 2147483647;
			files = (
				4B7BC3FD56AB825545F8E634 /* Pods_Deporte_Local.framework in Frameworks */,
			);
			runOnlyForDeploymentPostprocessing = 0;
		};
/* End PBXFrameworksBuildPhase section */

/* Begin PBXGroup section */
		090123BF1FD167F500973DD5 /* gps_locations */ = {
			isa = PBXGroup;
			children = (
				D1C4D2131FD08B35009F3A35 /* leganes.gpx */,
			);
			path = gps_locations;
			sourceTree = "<group>";
		};
		092624671FCD8645008F2280 /* src */ = {
			isa = PBXGroup;
			children = (
				D1DAA7081FD8597D006A55CF /* cells */,
				D1C2CB351FCDC7D900922D86 /* database */,
				D13FE33E1FD1DC2B00067C5B /* libraries */,
				D1D3A6271FD2991E003CA8E7 /* utils */,
				094C1D551FC83A3F003685DD /* AppDelegate.h */,
				094C1D561FC83A3F003685DD /* AppDelegate.m */,
				094C1D581FC83A3F003685DD /* HomeViewController.h */,
				094C1D591FC83A3F003685DD /* HomeViewController.m */,
				D11829431FC8992600805590 /* SportsViewController.h */,
				D11829441FC8992600805590 /* SportsViewController.m */,
				D1C2CB811FCDDEC600922D86 /* CompetitionsTableViewController.h */,
				D1C2CB821FCDDEC600922D86 /* CompetitionsTableViewController.m */,
				098179071FCED5CD0011F4FD /* CompetitionTabBarController.h */,
				098179081FCED5CD0011F4FD /* CompetitionTabBarController.m */,
				D11DBAF41FD9C3F300894683 /* CalendarViewController.h */,
				D11DBAF51FD9C3F300894683 /* CalendarViewController.m */,
				098179041FCED01F0011F4FD /* ClassificationTableViewController.h */,
				098179051FCED01F0011F4FD /* ClassificationTableViewController.m */,
				D1B9CE511FDA964E00C1937D /* TeamsViewController.h */,
				D1B9CE521FDA964E00C1937D /* TeamsViewController.m */,
				095BA4811FD02486005C7214 /* MatchAddEventViewController.h */,
				095BA4821FD02486005C7214 /* MatchAddEventViewController.m */,
				D14397051FD0788100AEF92B /* MatchMapViewController.h */,
				D14397061FD0788100AEF92B /* MatchMapViewController.m */,
				090123C01FD16E8B00973DD5 /* MatchSendIssueViewController.h */,
				090123C11FD16E8B00973DD5 /* MatchSendIssueViewController.m */,
				D12A07EC1FE537B80025351A /* SideMenuController.h */,
				D12A07ED1FE537B80025351A /* SideMenuController.m */,
				D12A07EF1FE5404B0025351A /* SideMenuTableController.h */,
				D12A07F01FE5404B0025351A /* SideMenuTableController.m */,
				D1532CA81FE9851A00896DC1 /* FavoritesTableViewController.h */,
				D1532CA91FE9851A00896DC1 /* FavoritesTableViewController.m */,
				D1B8FD681FEA806800A72D3E /* TeamMatchesTableViewController.h */,
				D1B8FD691FEA806800A72D3E /* TeamMatchesTableViewController.m */,
			);
			path = src;
			sourceTree = "<group>";
		};
		094C1D491FC83A3F003685DD = {
			isa = PBXGroup;
			children = (
				D1AD5F151FF58CFE00DE98FB /* Deporte Local.entitlements */,
				090123BF1FD167F500973DD5 /* gps_locations */,
				092624671FCD8645008F2280 /* src */,
				D14097461FC9D42B00EAE6DA /* images */,
				094C1D541FC83A3F003685DD /* LocalSports */,
				094C1D531FC83A3F003685DD /* Products */,
				D1D953511FD3EE5F0029A240 /* Frameworks */,
				22B94630983F38246FD50AB1 /* Pods */,
			);
			sourceTree = "<group>";
		};
		094C1D531FC83A3F003685DD /* Products */ = {
			isa = PBXGroup;
			children = (
				094C1D521FC83A3F003685DD /* Deporte Local.app */,
			);
			name = Products;
			sourceTree = "<group>";
		};
		094C1D541FC83A3F003685DD /* LocalSports */ = {
			isa = PBXGroup;
			children = (
				094C1D5B1FC83A3F003685DD /* Main.storyboard */,
				094C1D611FC83A3F003685DD /* Assets.xcassets */,
				094C1D661FC83A3F003685DD /* Info.plist */,
				094C1D671FC83A3F003685DD /* main.m */,
				094C1D5E1FC83A3F003685DD /* LocalSports.xcdatamodeld */,
				D191D2C91FD4608A00A40804 /* Localizable.strings */,
			);
			path = LocalSports;
			sourceTree = "<group>";
		};
		22B94630983F38246FD50AB1 /* Pods */ = {
			isa = PBXGroup;
			children = (
				12AB23641AC38E535EE5D554 /* Pods-Deporte Local.debug.xcconfig */,
				EE6A11938A7F1B191C72CC4F /* Pods-Deporte Local.release.xcconfig */,
			);
			name = Pods;
			sourceTree = "<group>";
		};
		D13FE33E1FD1DC2B00067C5B /* libraries */ = {
			isa = PBXGroup;
			children = (
				D13FE3401FD1DC5800067C5B /* Reachability.h */,
				D13FE33F1FD1DC5800067C5B /* Reachability.m */,
			);
			path = libraries;
			sourceTree = "<group>";
		};
		D14097461FC9D42B00EAE6DA /* images */ = {
			isa = PBXGroup;
			children = (
				D13CAD831FF249D0002CD751 /* alcorcon.png */,
				D13CAD811FF249D0002CD751 /* alcorcon@2x.png */,
				D13CAD801FF249D0002CD751 /* alcorcon@3x.png */,
				D13CAD871FF249D1002CD751 /* getafe.png */,
				D13CAD861FF249D1002CD751 /* getafe@2x.png */,
				D13CAD7F1FF249D0002CD751 /* getafe@3x.png */,
				D13CAD841FF249D1002CD751 /* leganes.png */,
				D13CAD821FF249D0002CD751 /* leganes@2x.png */,
				D13CAD851FF249D1002CD751 /* leganes@3x.png */,
			);
			path = images;
			sourceTree = "<group>";
		};
		D1C2CB351FCDC7D900922D86 /* database */ = {
			isa = PBXGroup;
			children = (
				D1B8FD461FEA6C2900A72D3E /* CompetitionEntity+CoreDataProperties.h */,
				D1B8FD471FEA6C2900A72D3E /* CompetitionEntity+CoreDataClass.h */,
				D1B8FD481FEA6C2900A72D3E /* CompetitionEntity+CoreDataClass.m */,
				D1B8FD491FEA6C2900A72D3E /* CompetitionEntity+CoreDataProperties.m */,
				D1B8FD4A1FEA6C2900A72D3E /* ClassificationEntity+CoreDataProperties.h */,
				D1B8FD4B1FEA6C2900A72D3E /* ClassificationEntity+CoreDataClass.h */,
				D1B8FD4C1FEA6C2900A72D3E /* ClassificationEntity+CoreDataClass.m */,
				D1B8FD4D1FEA6C2900A72D3E /* ClassificationEntity+CoreDataProperties.m */,
				D1B8FD4E1FEA6C2900A72D3E /* SportCourtEntity+CoreDataProperties.h */,
				D1B8FD4F1FEA6C2900A72D3E /* SportCourtEntity+CoreDataClass.h */,
				D1B8FD501FEA6C2900A72D3E /* SportCourtEntity+CoreDataClass.m */,
				D1B8FD511FEA6C2900A72D3E /* SportCourtEntity+CoreDataProperties.m */,
				D1B8FD521FEA6C2900A72D3E /* FavoriteTeamEntity+CoreDataProperties.h */,
				D1B8FD531FEA6C2900A72D3E /* FavoriteTeamEntity+CoreDataClass.h */,
				D1B8FD541FEA6C2900A72D3E /* FavoriteTeamEntity+CoreDataClass.m */,
				D1B8FD551FEA6C2900A72D3E /* FavoriteTeamEntity+CoreDataProperties.m */,
				D1B8FD561FEA6C2900A72D3E /* MatchEntity+CoreDataProperties.h */,
				D1B8FD571FEA6C2900A72D3E /* MatchEntity+CoreDataClass.h */,
				D1B8FD581FEA6C2900A72D3E /* MatchEntity+CoreDataClass.m */,
				D1B8FD591FEA6C2900A72D3E /* MatchEntity+CoreDataProperties.m */,
			);
			path = database;
			sourceTree = "<group>";
		};
		D1D3A6271FD2991E003CA8E7 /* utils */ = {
			isa = PBXGroup;
			children = (
				0926246B1FCD8FA1008F2280 /* Utils.h */,
				0926246C1FCD8FA1008F2280 /* Utils.m */,
				D1D3A62B1FD299AF003CA8E7 /* UtilsDataBase.h */,
				D1D3A62C1FD299AF003CA8E7 /* UtilsDataBase.m */,
			);
			path = utils;
			sourceTree = "<group>";
		};
		D1D953511FD3EE5F0029A240 /* Frameworks */ = {
			isa = PBXGroup;
			children = (
				318F7D973FDFE2B46B443162 /* Pods_Deporte_Local.framework */,
			);
			name = Frameworks;
			sourceTree = "<group>";
		};
		D1DAA7081FD8597D006A55CF /* cells */ = {
			isa = PBXGroup;
			children = (
				D1B8FD361FEA6C1200A72D3E /* CalendarHeadingTableViewCell.h */,
				D1B8FD381FEA6C1200A72D3E /* CalendarHeadingTableViewCell.m */,
				D1B8FD331FEA6C1200A72D3E /* ClassificationTableViewCell.h */,
				D1B8FD3C1FEA6C1200A72D3E /* ClassificationTableViewCell.m */,
				D1B8FD341FEA6C1200A72D3E /* CompetitionTableViewCell.h */,
				D1B8FD3D1FEA6C1200A72D3E /* CompetitionTableViewCell.m */,
				D1B8FD311FEA6C1100A72D3E /* MatchDetailTableViewCell.h */,
				D1B8FD3B1FEA6C1200A72D3E /* MatchDetailTableViewCell.m */,
				D1B8FD351FEA6C1200A72D3E /* TeamHeadingTableViewCell.h */,
				D1B8FD371FEA6C1200A72D3E /* TeamHeadingTableViewCell.m */,
				D1B8FD3A1FEA6C1200A72D3E /* TeamMatchTableViewCell.h */,
				D1B8FD391FEA6C1200A72D3E /* TeamMatchTableViewCell.m */,
				D1B8FD3E1FEA6C1200A72D3E /* TownsTableViewCell.h */,
				D1B8FD321FEA6C1200A72D3E /* TownsTableViewCell.m */,
				D1B8FD641FEA714C00A72D3E /* FavoriteTeamTableViewCell.h */,
				D1B8FD651FEA714C00A72D3E /* FavoriteTeamTableViewCell.m */,
				D1B8FD6B1FEADA4D00A72D3E /* FavoriteTeamMatchTableViewCell.h */,
				D1B8FD6C1FEADA4D00A72D3E /* FavoriteTeamMatchTableViewCell.m */,
				D1055DCC1FF4D8C600C4F98D /* SportCollectionViewCell.h */,
				D1055DCD1FF4D8C600C4F98D /* SportCollectionViewCell.m */,
			);
			path = cells;
			sourceTree = "<group>";
		};
/* End PBXGroup section */

/* Begin PBXNativeTarget section */
		094C1D511FC83A3F003685DD /* Deporte Local */ = {
			isa = PBXNativeTarget;
			buildConfigurationList = 094C1D6B1FC83A3F003685DD /* Build configuration list for PBXNativeTarget "Deporte Local" */;
			buildPhases = (
				0A785C40F464228160EDC11F /* [CP] Check Pods Manifest.lock */,
				094C1D4E1FC83A3F003685DD /* Sources */,
				094C1D4F1FC83A3F003685DD /* Frameworks */,
				094C1D501FC83A3F003685DD /* Resources */,
				F4613F80D4A77B4B5E60E6C8 /* [CP] Embed Pods Frameworks */,
				4D867454DE39167120281747 /* [CP] Copy Pods Resources */,
			);
			buildRules = (
			);
			dependencies = (
			);
			name = "Deporte Local";
			productName = LocalSports;
			productReference = 094C1D521FC83A3F003685DD /* Deporte Local.app */;
			productType = "com.apple.product-type.application";
		};
/* End PBXNativeTarget section */

/* Begin PBXProject section */
		094C1D4A1FC83A3F003685DD /* Project object */ = {
			isa = PBXProject;
			attributes = {
				LastUpgradeCheck = 0900;
				ORGANIZATIONNAME = cice;
				TargetAttributes = {
					094C1D511FC83A3F003685DD = {
						CreatedOnToolsVersion = 9.0;
						ProvisioningStyle = Automatic;
						SystemCapabilities = {
							com.apple.Push = {
								enabled = 1;
							};
						};
					};
				};
			};
			buildConfigurationList = 094C1D4D1FC83A3F003685DD /* Build configuration list for PBXProject "Deporte Local" */;
			compatibilityVersion = "Xcode 8.0";
			developmentRegion = es;
			hasScannedForEncodings = 0;
			knownRegions = (
				Base,
				es,
				en,
			);
			mainGroup = 094C1D491FC83A3F003685DD;
			productRefGroup = 094C1D531FC83A3F003685DD /* Products */;
			projectDirPath = "";
			projectRoot = "";
			targets = (
				094C1D511FC83A3F003685DD /* Deporte Local */,
			);
		};
/* End PBXProject section */

/* Begin PBXResourcesBuildPhase section */
		094C1D501FC83A3F003685DD /* Resources */ = {
			isa = PBXResourcesBuildPhase;
			buildActionMask = 2147483647;
			files = (
				D13CAD8C1FF249D1002CD751 /* alcorcon.png in Resources */,
				D191D2CB1FD4608A00A40804 /* Localizable.strings in Resources */,
				D13CAD8E1FF249D1002CD751 /* leganes@3x.png in Resources */,
				D1C4D2141FD08B35009F3A35 /* leganes.gpx in Resources */,
				D13CAD891FF249D1002CD751 /* alcorcon@3x.png in Resources */,
				D140974E1FC9E93500EAE6DA /* Assets.xcassets in Resources */,
				D13CAD8D1FF249D1002CD751 /* leganes.png in Resources */,
				D13CAD8A1FF249D1002CD751 /* alcorcon@2x.png in Resources */,
				094C1D5D1FC83A3F003685DD /* Main.storyboard in Resources */,
				D13CAD881FF249D1002CD751 /* getafe@3x.png in Resources */,
				D13CAD8B1FF249D1002CD751 /* leganes@2x.png in Resources */,
				D13CAD8F1FF249D1002CD751 /* getafe@2x.png in Resources */,
				D13CAD901FF249D1002CD751 /* getafe.png in Resources */,
			);
			runOnlyForDeploymentPostprocessing = 0;
		};
/* End PBXResourcesBuildPhase section */

/* Begin PBXShellScriptBuildPhase section */
		0A785C40F464228160EDC11F /* [CP] Check Pods Manifest.lock */ = {
			isa = PBXShellScriptBuildPhase;
			buildActionMask = 2147483647;
			files = (
			);
			inputPaths = (
				"${PODS_PODFILE_DIR_PATH}/Podfile.lock",
				"${PODS_ROOT}/Manifest.lock",
			);
			name = "[CP] Check Pods Manifest.lock";
			outputPaths = (
				"$(DERIVED_FILE_DIR)/Pods-Deporte Local-checkManifestLockResult.txt",
			);
			runOnlyForDeploymentPostprocessing = 0;
			shellPath = /bin/sh;
			shellScript = "diff \"${PODS_PODFILE_DIR_PATH}/Podfile.lock\" \"${PODS_ROOT}/Manifest.lock\" > /dev/null\nif [ $? != 0 ] ; then\n    # print error to STDERR\n    echo \"error: The sandbox is not in sync with the Podfile.lock. Run 'pod install' or update your CocoaPods installation.\" >&2\n    exit 1\nfi\n# This output is used by Xcode 'outputs' to avoid re-running this script phase.\necho \"SUCCESS\" > \"${SCRIPT_OUTPUT_FILE_0}\"\n";
			showEnvVarsInLog = 0;
		};
		4D867454DE39167120281747 /* [CP] Copy Pods Resources */ = {
			isa = PBXShellScriptBuildPhase;
			buildActionMask = 2147483647;
			files = (
			);
			inputPaths = (
			);
			name = "[CP] Copy Pods Resources";
			outputPaths = (
			);
			runOnlyForDeploymentPostprocessing = 0;
			shellPath = /bin/sh;
			shellScript = "\"${SRCROOT}/Pods/Target Support Files/Pods-Deporte Local/Pods-Deporte Local-resources.sh\"\n";
			showEnvVarsInLog = 0;
		};
		F4613F80D4A77B4B5E60E6C8 /* [CP] Embed Pods Frameworks */ = {
			isa = PBXShellScriptBuildPhase;
			buildActionMask = 2147483647;
			files = (
			);
			inputPaths = (
				"${SRCROOT}/Pods/Target Support Files/Pods-Deporte Local/Pods-Deporte Local-frameworks.sh",
				"${BUILT_PRODUCTS_DIR}/LGSideMenuController/LGSideMenuController.framework",
			);
			name = "[CP] Embed Pods Frameworks";
			outputPaths = (
				"${TARGET_BUILD_DIR}/${FRAMEWORKS_FOLDER_PATH}/LGSideMenuController.framework",
			);
			runOnlyForDeploymentPostprocessing = 0;
			shellPath = /bin/sh;
			shellScript = "\"${SRCROOT}/Pods/Target Support Files/Pods-Deporte Local/Pods-Deporte Local-frameworks.sh\"\n";
			showEnvVarsInLog = 0;
		};
/* End PBXShellScriptBuildPhase section */

/* Begin PBXSourcesBuildPhase section */
		094C1D4E1FC83A3F003685DD /* Sources */ = {
			isa = PBXSourcesBuildPhase;
			buildActionMask = 2147483647;
			files = (
				D1B8FD421FEA6C1300A72D3E /* TeamMatchTableViewCell.m in Sources */,
				D13FE3411FD1DC5800067C5B /* Reachability.m in Sources */,
				D1B8FD6D1FEADA4D00A72D3E /* FavoriteTeamMatchTableViewCell.m in Sources */,
				090123C21FD16E8B00973DD5 /* MatchSendIssueViewController.m in Sources */,
				D1B8FD5D1FEA6C2900A72D3E /* ClassificationEntity+CoreDataProperties.m in Sources */,
				D1D3A62D1FD299AF003CA8E7 /* UtilsDataBase.m in Sources */,
				D1B8FD611FEA6C2900A72D3E /* FavoriteTeamEntity+CoreDataProperties.m in Sources */,
				D1532CAA1FE9851A00896DC1 /* FavoritesTableViewController.m in Sources */,
				D1B8FD661FEA714C00A72D3E /* FavoriteTeamTableViewCell.m in Sources */,
				098179091FCED5CD0011F4FD /* CompetitionTabBarController.m in Sources */,
				D1B8FD441FEA6C1300A72D3E /* ClassificationTableViewCell.m in Sources */,
				D1B9CE531FDA964E00C1937D /* TeamsViewController.m in Sources */,
				D1B8FD451FEA6C1300A72D3E /* CompetitionTableViewCell.m in Sources */,
				D1B8FD6A1FEA806800A72D3E /* TeamMatchesTableViewController.m in Sources */,
				D1055DCE1FF4D8C600C4F98D /* SportCollectionViewCell.m in Sources */,
				094C1D601FC83A3F003685DD /* LocalSports.xcdatamodeld in Sources */,
				D1B8FD5F1FEA6C2900A72D3E /* SportCourtEntity+CoreDataProperties.m in Sources */,
				D11DBAF61FD9C3F300894683 /* CalendarViewController.m in Sources */,
				098179061FCED01F0011F4FD /* ClassificationTableViewController.m in Sources */,
				D1B8FD5E1FEA6C2900A72D3E /* SportCourtEntity+CoreDataClass.m in Sources */,
				D12A07F11FE5404B0025351A /* SideMenuTableController.m in Sources */,
				D1B8FD601FEA6C2900A72D3E /* FavoriteTeamEntity+CoreDataClass.m in Sources */,
				D1B8FD631FEA6C2900A72D3E /* MatchEntity+CoreDataProperties.m in Sources */,
				D1B8FD5A1FEA6C2900A72D3E /* CompetitionEntity+CoreDataClass.m in Sources */,
				D14397071FD0788100AEF92B /* MatchMapViewController.m in Sources */,
				D1B8FD5B1FEA6C2900A72D3E /* CompetitionEntity+CoreDataProperties.m in Sources */,
				D1C2CB831FCDDEC600922D86 /* CompetitionsTableViewController.m in Sources */,
				094C1D5A1FC83A3F003685DD /* HomeViewController.m in Sources */,
				094C1D681FC83A3F003685DD /* main.m in Sources */,
				095BA4831FD02486005C7214 /* MatchAddEventViewController.m in Sources */,
				D12A07EE1FE537B80025351A /* SideMenuController.m in Sources */,
				D1B8FD401FEA6C1300A72D3E /* TeamHeadingTableViewCell.m in Sources */,
				D11829451FC8992600805590 /* SportsViewController.m in Sources */,
				D1B8FD3F1FEA6C1300A72D3E /* TownsTableViewCell.m in Sources */,
				D1B8FD621FEA6C2900A72D3E /* MatchEntity+CoreDataClass.m in Sources */,
				D1B8FD431FEA6C1300A72D3E /* MatchDetailTableViewCell.m in Sources */,
				0926246D1FCD8FA1008F2280 /* Utils.m in Sources */,
				D1B8FD5C1FEA6C2900A72D3E /* ClassificationEntity+CoreDataClass.m in Sources */,
				D1B8FD411FEA6C1300A72D3E /* CalendarHeadingTableViewCell.m in Sources */,
				094C1D571FC83A3F003685DD /* AppDelegate.m in Sources */,
			);
			runOnlyForDeploymentPostprocessing = 0;
		};
/* End PBXSourcesBuildPhase section */

/* Begin PBXVariantGroup section */
		094C1D5B1FC83A3F003685DD /* Main.storyboard */ = {
			isa = PBXVariantGroup;
			children = (
				094C1D5C1FC83A3F003685DD /* Base */,
				D1055DCF1FF54E1A00C4F98D /* en */,
			);
			name = Main.storyboard;
			sourceTree = "<group>";
		};
		D191D2C91FD4608A00A40804 /* Localizable.strings */ = {
			isa = PBXVariantGroup;
			children = (
				D191D2CA1FD4608A00A40804 /* Base */,
				D131B0E21FE7CB4200C6B8B0 /* en */,
			);
			name = Localizable.strings;
			sourceTree = "<group>";
		};
/* End PBXVariantGroup section */

/* Begin XCBuildConfiguration section */
		094C1D691FC83A3F003685DD /* Debug */ = {
			isa = XCBuildConfiguration;
			buildSettings = {
				ALWAYS_SEARCH_USER_PATHS = NO;
				CLANG_ANALYZER_LOCALIZABILITY_NONLOCALIZED = YES;
				CLANG_ANALYZER_NONNULL = YES;
				CLANG_ANALYZER_NUMBER_OBJECT_CONVERSION = YES_AGGRESSIVE;
				CLANG_CXX_LANGUAGE_STANDARD = "gnu++14";
				CLANG_CXX_LIBRARY = "libc++";
				CLANG_ENABLE_MODULES = YES;
				CLANG_ENABLE_OBJC_ARC = YES;
				CLANG_WARN_BLOCK_CAPTURE_AUTORELEASING = YES;
				CLANG_WARN_BOOL_CONVERSION = YES;
				CLANG_WARN_COMMA = YES;
				CLANG_WARN_CONSTANT_CONVERSION = YES;
				CLANG_WARN_DIRECT_OBJC_ISA_USAGE = YES_ERROR;
				CLANG_WARN_DOCUMENTATION_COMMENTS = YES;
				CLANG_WARN_EMPTY_BODY = YES;
				CLANG_WARN_ENUM_CONVERSION = YES;
				CLANG_WARN_INFINITE_RECURSION = YES;
				CLANG_WARN_INT_CONVERSION = YES;
				CLANG_WARN_NON_LITERAL_NULL_CONVERSION = YES;
				CLANG_WARN_OBJC_LITERAL_CONVERSION = YES;
				CLANG_WARN_OBJC_ROOT_CLASS = YES_ERROR;
				CLANG_WARN_RANGE_LOOP_ANALYSIS = YES;
				CLANG_WARN_STRICT_PROTOTYPES = YES;
				CLANG_WARN_SUSPICIOUS_MOVE = YES;
				CLANG_WARN_UNGUARDED_AVAILABILITY = YES_AGGRESSIVE;
				CLANG_WARN_UNREACHABLE_CODE = YES;
				CLANG_WARN__DUPLICATE_METHOD_MATCH = YES;
				CODE_SIGN_IDENTITY = "iPhone Developer";
				COPY_PHASE_STRIP = NO;
				DEBUG_INFORMATION_FORMAT = dwarf;
				ENABLE_STRICT_OBJC_MSGSEND = YES;
				ENABLE_TESTABILITY = YES;
				GCC_C_LANGUAGE_STANDARD = gnu11;
				GCC_DYNAMIC_NO_PIC = NO;
				GCC_NO_COMMON_BLOCKS = YES;
				GCC_OPTIMIZATION_LEVEL = 0;
				GCC_PREPROCESSOR_DEFINITIONS = (
					"DEBUG=1",
					"$(inherited)",
				);
				GCC_WARN_64_TO_32_BIT_CONVERSION = YES;
				GCC_WARN_ABOUT_RETURN_TYPE = YES_ERROR;
				GCC_WARN_UNDECLARED_SELECTOR = YES;
				GCC_WARN_UNINITIALIZED_AUTOS = YES_AGGRESSIVE;
				GCC_WARN_UNUSED_FUNCTION = YES;
				GCC_WARN_UNUSED_VARIABLE = YES;
				IPHONEOS_DEPLOYMENT_TARGET = 10.0;
				MTL_ENABLE_DEBUG_INFO = YES;
				ONLY_ACTIVE_ARCH = YES;
				SDKROOT = iphoneos;
			};
			name = Debug;
		};
		094C1D6A1FC83A3F003685DD /* Release */ = {
			isa = XCBuildConfiguration;
			buildSettings = {
				ALWAYS_SEARCH_USER_PATHS = NO;
				CLANG_ANALYZER_LOCALIZABILITY_NONLOCALIZED = YES;
				CLANG_ANALYZER_NONNULL = YES;
				CLANG_ANALYZER_NUMBER_OBJECT_CONVERSION = YES_AGGRESSIVE;
				CLANG_CXX_LANGUAGE_STANDARD = "gnu++14";
				CLANG_CXX_LIBRARY = "libc++";
				CLANG_ENABLE_MODULES = YES;
				CLANG_ENABLE_OBJC_ARC = YES;
				CLANG_WARN_BLOCK_CAPTURE_AUTORELEASING = YES;
				CLANG_WARN_BOOL_CONVERSION = YES;
				CLANG_WARN_COMMA = YES;
				CLANG_WARN_CONSTANT_CONVERSION = YES;
				CLANG_WARN_DIRECT_OBJC_ISA_USAGE = YES_ERROR;
				CLANG_WARN_DOCUMENTATION_COMMENTS = YES;
				CLANG_WARN_EMPTY_BODY = YES;
				CLANG_WARN_ENUM_CONVERSION = YES;
				CLANG_WARN_INFINITE_RECURSION = YES;
				CLANG_WARN_INT_CONVERSION = YES;
				CLANG_WARN_NON_LITERAL_NULL_CONVERSION = YES;
				CLANG_WARN_OBJC_LITERAL_CONVERSION = YES;
				CLANG_WARN_OBJC_ROOT_CLASS = YES_ERROR;
				CLANG_WARN_RANGE_LOOP_ANALYSIS = YES;
				CLANG_WARN_STRICT_PROTOTYPES = YES;
				CLANG_WARN_SUSPICIOUS_MOVE = YES;
				CLANG_WARN_UNGUARDED_AVAILABILITY = YES_AGGRESSIVE;
				CLANG_WARN_UNREACHABLE_CODE = YES;
				CLANG_WARN__DUPLICATE_METHOD_MATCH = YES;
				CODE_SIGN_IDENTITY = "iPhone Developer";
				COPY_PHASE_STRIP = NO;
				DEBUG_INFORMATION_FORMAT = "dwarf-with-dsym";
				ENABLE_NS_ASSERTIONS = NO;
				ENABLE_STRICT_OBJC_MSGSEND = YES;
				GCC_C_LANGUAGE_STANDARD = gnu11;
				GCC_NO_COMMON_BLOCKS = YES;
				GCC_WARN_64_TO_32_BIT_CONVERSION = YES;
				GCC_WARN_ABOUT_RETURN_TYPE = YES_ERROR;
				GCC_WARN_UNDECLARED_SELECTOR = YES;
				GCC_WARN_UNINITIALIZED_AUTOS = YES_AGGRESSIVE;
				GCC_WARN_UNUSED_FUNCTION = YES;
				GCC_WARN_UNUSED_VARIABLE = YES;
				IPHONEOS_DEPLOYMENT_TARGET = 10.0;
				MTL_ENABLE_DEBUG_INFO = NO;
				SDKROOT = iphoneos;
				VALIDATE_PRODUCT = YES;
			};
			name = Release;
		};
		094C1D6C1FC83A3F003685DD /* Debug */ = {
			isa = XCBuildConfiguration;
			baseConfigurationReference = 12AB23641AC38E535EE5D554 /* Pods-Deporte Local.debug.xcconfig */;
			buildSettings = {
				ASSETCATALOG_COMPILER_APPICON_NAME = AppIcon;
				CODE_SIGN_ENTITLEMENTS = "Deporte Local.entitlements";
				"CODE_SIGN_IDENTITY[sdk=iphoneos*]" = "iPhone Developer";
				CODE_SIGN_STYLE = Automatic;
				DEVELOPMENT_TEAM = 6REAL49NXE;
				FRAMEWORK_SEARCH_PATHS = (
					"$(inherited)",
					"$(PROJECT_DIR)/GoogleMobileAdsSdkiOS-7.26.0",
					"$(PROJECT_DIR)/src/libraries/GoogleMobileAdsSdkiOS-7.26.0",
				);
				INFOPLIST_FILE = LocalSports/Info.plist;
				IPHONEOS_DEPLOYMENT_TARGET = 10.0;
				LD_RUNPATH_SEARCH_PATHS = "$(inherited) @executable_path/Frameworks";
				LIBRARY_SEARCH_PATHS = (
					"$(inherited)",
					"$(PROJECT_DIR)/src/libraries/GoogleMobileAdsSdkiOS-7.26.0/GoogleMobileAds.framework",
				);
				PRODUCT_BUNDLE_IDENTIFIER = com.adiaz.LocalSports;
				PRODUCT_NAME = "$(TARGET_NAME)";
				PROVISIONING_PROFILE_SPECIFIER = "";
				TARGETED_DEVICE_FAMILY = "1,2";
			};
			name = Debug;
		};
		094C1D6D1FC83A3F003685DD /* Release */ = {
			isa = XCBuildConfiguration;
			baseConfigurationReference = EE6A11938A7F1B191C72CC4F /* Pods-Deporte Local.release.xcconfig */;
			buildSettings = {
				ASSETCATALOG_COMPILER_APPICON_NAME = AppIcon;
				CODE_SIGN_ENTITLEMENTS = "Deporte Local.entitlements";
				"CODE_SIGN_IDENTITY[sdk=iphoneos*]" = "iPhone Developer";
				CODE_SIGN_STYLE = Automatic;
				DEVELOPMENT_TEAM = 6REAL49NXE;
				FRAMEWORK_SEARCH_PATHS = (
					"$(inherited)",
					"$(PROJECT_DIR)/GoogleMobileAdsSdkiOS-7.26.0",
					"$(PROJECT_DIR)/src/libraries/GoogleMobileAdsSdkiOS-7.26.0",
				);
				INFOPLIST_FILE = LocalSports/Info.plist;
				IPHONEOS_DEPLOYMENT_TARGET = 10.0;
				LD_RUNPATH_SEARCH_PATHS = "$(inherited) @executable_path/Frameworks";
				LIBRARY_SEARCH_PATHS = (
					"$(inherited)",
					"$(PROJECT_DIR)/src/libraries/GoogleMobileAdsSdkiOS-7.26.0/GoogleMobileAds.framework",
				);
				PRODUCT_BUNDLE_IDENTIFIER = com.adiaz.LocalSports;
				PRODUCT_NAME = "$(TARGET_NAME)";
				PROVISIONING_PROFILE_SPECIFIER = "";
				TARGETED_DEVICE_FAMILY = "1,2";
			};
			name = Release;
		};
/* End XCBuildConfiguration section */

/* Begin XCConfigurationList section */
		094C1D4D1FC83A3F003685DD /* Build configuration list for PBXProject "Deporte Local" */ = {
			isa = XCConfigurationList;
			buildConfigurations = (
				094C1D691FC83A3F003685DD /* Debug */,
				094C1D6A1FC83A3F003685DD /* Release */,
			);
			defaultConfigurationIsVisible = 0;
			defaultConfigurationName = Release;
		};
		094C1D6B1FC83A3F003685DD /* Build configuration list for PBXNativeTarget "Deporte Local" */ = {
			isa = XCConfigurationList;
			buildConfigurations = (
				094C1D6C1FC83A3F003685DD /* Debug */,
				094C1D6D1FC83A3F003685DD /* Release */,
			);
			defaultConfigurationIsVisible = 0;
			defaultConfigurationName = Release;
		};
/* End XCConfigurationList section */

/* Begin XCVersionGroup section */
		094C1D5E1FC83A3F003685DD /* LocalSports.xcdatamodeld */ = {
			isa = XCVersionGroup;
			children = (
				094C1D5F1FC83A3F003685DD /* LocalSports.xcdatamodel */,
			);
			currentVersion = 094C1D5F1FC83A3F003685DD /* LocalSports.xcdatamodel */;
			path = LocalSports.xcdatamodeld;
			sourceTree = "<group>";
			versionGroupType = wrapper.xcdatamodel;
		};
/* End XCVersionGroup section */
	};
	rootObject = 094C1D4A1FC83A3F003685DD /* Project object */;
}
